// !$*UTF8*$!
{
	archiveVersion = 1;
	classes = {
	};
	objectVersion = 50;
	objects = {

/* Begin PBXBuildFile section */
		16C9AFB632AF73BF7F5C839C /* Pods_AzmoonUITests.framework in Frameworks */ = {isa = PBXBuildFile; fileRef = BF224EB6FF7B9BE78160BEB3 /* Pods_AzmoonUITests.framework */; };
		2A8DE15AABC704EAF26530E6 /* Pods_Azmoon.framework in Frameworks */ = {isa = PBXBuildFile; fileRef = 685F8F39995B9D11269014E6 /* Pods_Azmoon.framework */; };
		5A7291BB2469B4128714D6F6 /* Pods_AzmoonTests.framework in Frameworks */ = {isa = PBXBuildFile; fileRef = 9118F8485DD83803DDCD4D34 /* Pods_AzmoonTests.framework */; };
		D308026C21E89B7F00E8BF83 /* ReportViewController.swift in Sources */ = {isa = PBXBuildFile; fileRef = D308026B21E89B7F00E8BF83 /* ReportViewController.swift */; };
		D308026E21E89C0800E8BF83 /* ReportTableViewCell.swift in Sources */ = {isa = PBXBuildFile; fileRef = D308026D21E89C0800E8BF83 /* ReportTableViewCell.swift */; };
		D308027021E8A0C400E8BF83 /* AnsQuestionsViewController.swift in Sources */ = {isa = PBXBuildFile; fileRef = D308026F21E8A0C400E8BF83 /* AnsQuestionsViewController.swift */; };
		D308027221E8A0FA00E8BF83 /* AnsQuestionsTableViewCell.swift in Sources */ = {isa = PBXBuildFile; fileRef = D308027121E8A0FA00E8BF83 /* AnsQuestionsTableViewCell.swift */; };
		D308027621E8DD5C00E8BF83 /* Azmoon.xcdatamodeld in Sources */ = {isa = PBXBuildFile; fileRef = D308027421E8DD5C00E8BF83 /* Azmoon.xcdatamodeld */; };
		D308027921E8DFD200E8BF83 /* QuestionDb.swift in Sources */ = {isa = PBXBuildFile; fileRef = D308027821E8DFD200E8BF83 /* QuestionDb.swift */; };
		D308027B21EBA5BB00E8BF83 /* UserDb.swift in Sources */ = {isa = PBXBuildFile; fileRef = D308027A21EBA5BB00E8BF83 /* UserDb.swift */; };
		D309CD2B21D76DCB002542AC /* List.storyboard in Resources */ = {isa = PBXBuildFile; fileRef = D309CD2A21D76DCB002542AC /* List.storyboard */; };
		D309CD2D21D76DED002542AC /* ListViewController.swift in Sources */ = {isa = PBXBuildFile; fileRef = D309CD2C21D76DED002542AC /* ListViewController.swift */; };
		D309CD3021DE3BE7002542AC /* ListTableViewCell.swift in Sources */ = {isa = PBXBuildFile; fileRef = D309CD2F21DE3BE7002542AC /* ListTableViewCell.swift */; };
		D315B0E321FCB6F900F55A19 /* AddModel.swift in Sources */ = {isa = PBXBuildFile; fileRef = D315B0E221FCB6F900F55A19 /* AddModel.swift */; };
		D329EF1021F2099900B389A3 /* LoginModel.swift in Sources */ = {isa = PBXBuildFile; fileRef = D329EF0F21F2099900B389A3 /* LoginModel.swift */; };
		D3851D562200D25E00355DEB /* ListTableViewCell.xib in Resources */ = {isa = PBXBuildFile; fileRef = D3851D552200D25E00355DEB /* ListTableViewCell.xib */; };
		D3851D592200EE2B00355DEB /* Extentions.swift in Sources */ = {isa = PBXBuildFile; fileRef = D3851D582200EE2B00355DEB /* Extentions.swift */; };
		D3851D5B220347FA00355DEB /* ListModel.swift in Sources */ = {isa = PBXBuildFile; fileRef = D3851D5A220347FA00355DEB /* ListModel.swift */; };
		D388A0DC21F38953001219B0 /* RegisterModel.swift in Sources */ = {isa = PBXBuildFile; fileRef = D388A0DB21F38953001219B0 /* RegisterModel.swift */; };
		D388A0E721F4E2F2001219B0 /* UserClass.swift in Sources */ = {isa = PBXBuildFile; fileRef = D388A0E621F4E2F2001219B0 /* UserClass.swift */; };
		D388A0EB21F86618001219B0 /* RememberModel.swift in Sources */ = {isa = PBXBuildFile; fileRef = D388A0EA21F86618001219B0 /* RememberModel.swift */; };
		D388A0ED21FB8B03001219B0 /* QuestionClass.swift in Sources */ = {isa = PBXBuildFile; fileRef = D388A0EC21FB8B03001219B0 /* QuestionClass.swift */; };
		D3F7A2E321D50CD400987DBE /* AppDelegate.swift in Sources */ = {isa = PBXBuildFile; fileRef = D3F7A2E221D50CD400987DBE /* AppDelegate.swift */; };
		D3F7A2E521D50CD400987DBE /* MainViewController.swift in Sources */ = {isa = PBXBuildFile; fileRef = D3F7A2E421D50CD400987DBE /* MainViewController.swift */; };
		D3F7A2E821D50CD400987DBE /* Main.storyboard in Resources */ = {isa = PBXBuildFile; fileRef = D3F7A2E621D50CD400987DBE /* Main.storyboard */; };
		D3F7A2EA21D50CD500987DBE /* Assets.xcassets in Resources */ = {isa = PBXBuildFile; fileRef = D3F7A2E921D50CD500987DBE /* Assets.xcassets */; };
		D3F7A2ED21D50CD500987DBE /* LaunchScreen.storyboard in Resources */ = {isa = PBXBuildFile; fileRef = D3F7A2EB21D50CD500987DBE /* LaunchScreen.storyboard */; };
		D3F7A2F821D50CD500987DBE /* AzmoonTests.swift in Sources */ = {isa = PBXBuildFile; fileRef = D3F7A2F721D50CD500987DBE /* AzmoonTests.swift */; };
		D3F7A30321D50CD500987DBE /* AzmoonUITests.swift in Sources */ = {isa = PBXBuildFile; fileRef = D3F7A30221D50CD500987DBE /* AzmoonUITests.swift */; };
		D3F7A31121D511D100987DBE /* Add.storyboard in Resources */ = {isa = PBXBuildFile; fileRef = D3F7A31021D511D100987DBE /* Add.storyboard */; };
		D3F7A31321D5133900987DBE /* AddViewController.swift in Sources */ = {isa = PBXBuildFile; fileRef = D3F7A31221D5133900987DBE /* AddViewController.swift */; };
		D3F7A31521D51F7200987DBE /* RegisterViewController.swift in Sources */ = {isa = PBXBuildFile; fileRef = D3F7A31421D51F7200987DBE /* RegisterViewController.swift */; };
		D3F7A31721D51FE800987DBE /* Register.storyboard in Resources */ = {isa = PBXBuildFile; fileRef = D3F7A31621D51FE800987DBE /* Register.storyboard */; };
		D3FCE94A21E0FBCA00751C49 /* LoginViewController.swift in Sources */ = {isa = PBXBuildFile; fileRef = D3FCE94921E0FBCA00751C49 /* LoginViewController.swift */; };
		D3FCE94C21E0FBE100751C49 /* Login.storyboard in Resources */ = {isa = PBXBuildFile; fileRef = D3FCE94B21E0FBE100751C49 /* Login.storyboard */; };
		D3FCE94E21E32DAE00751C49 /* RememberViewController.swift in Sources */ = {isa = PBXBuildFile; fileRef = D3FCE94D21E32DAE00751C49 /* RememberViewController.swift */; };
		D3FCE95021E32DC700751C49 /* Remember.storyboard in Resources */ = {isa = PBXBuildFile; fileRef = D3FCE94F21E32DC700751C49 /* Remember.storyboard */; };
		D3FCE95421E3446800751C49 /* AnsQuestions.storyboard in Resources */ = {isa = PBXBuildFile; fileRef = D3FCE95321E3446800751C49 /* AnsQuestions.storyboard */; };
		D3FCE95821E3454300751C49 /* Report.storyboard in Resources */ = {isa = PBXBuildFile; fileRef = D3FCE95721E3454300751C49 /* Report.storyboard */; };
/* End PBXBuildFile section */

/* Begin PBXContainerItemProxy section */
		D3F7A2F421D50CD500987DBE /* PBXContainerItemProxy */ = {
			isa = PBXContainerItemProxy;
			containerPortal = D3F7A2D721D50CD400987DBE /* Project object */;
			proxyType = 1;
			remoteGlobalIDString = D3F7A2DE21D50CD400987DBE;
			remoteInfo = Azmoon;
		};
		D3F7A2FF21D50CD500987DBE /* PBXContainerItemProxy */ = {
			isa = PBXContainerItemProxy;
			containerPortal = D3F7A2D721D50CD400987DBE /* Project object */;
			proxyType = 1;
			remoteGlobalIDString = D3F7A2DE21D50CD400987DBE;
			remoteInfo = Azmoon;
		};
/* End PBXContainerItemProxy section */

/* Begin PBXFileReference section */
		184CA40229660FC70A36D278 /* Pods-Azmoon.release.xcconfig */ = {isa = PBXFileReference; includeInIndex = 1; lastKnownFileType = text.xcconfig; name = "Pods-Azmoon.release.xcconfig"; path = "Pods/Target Support Files/Pods-Azmoon/Pods-Azmoon.release.xcconfig"; sourceTree = "<group>"; };
		3A80A443350B6A5DD07A4B43 /* Pods-AzmoonUITests.release.xcconfig */ = {isa = PBXFileReference; includeInIndex = 1; lastKnownFileType = text.xcconfig; name = "Pods-AzmoonUITests.release.xcconfig"; path = "Pods/Target Support Files/Pods-AzmoonUITests/Pods-AzmoonUITests.release.xcconfig"; sourceTree = "<group>"; };
		632AE71F90F26C699DA09DFA /* Pods-AzmoonUITests.debug.xcconfig */ = {isa = PBXFileReference; includeInIndex = 1; lastKnownFileType = text.xcconfig; name = "Pods-AzmoonUITests.debug.xcconfig"; path = "Pods/Target Support Files/Pods-AzmoonUITests/Pods-AzmoonUITests.debug.xcconfig"; sourceTree = "<group>"; };
		685F8F39995B9D11269014E6 /* Pods_Azmoon.framework */ = {isa = PBXFileReference; explicitFileType = wrapper.framework; includeInIndex = 0; path = Pods_Azmoon.framework; sourceTree = BUILT_PRODUCTS_DIR; };
		9118F8485DD83803DDCD4D34 /* Pods_AzmoonTests.framework */ = {isa = PBXFileReference; explicitFileType = wrapper.framework; includeInIndex = 0; path = Pods_AzmoonTests.framework; sourceTree = BUILT_PRODUCTS_DIR; };
		9F2CD6D6F0305E64755E7EAA /* Pods-Azmoon.debug.xcconfig */ = {isa = PBXFileReference; includeInIndex = 1; lastKnownFileType = text.xcconfig; name = "Pods-Azmoon.debug.xcconfig"; path = "Pods/Target Support Files/Pods-Azmoon/Pods-Azmoon.debug.xcconfig"; sourceTree = "<group>"; };
		9F34120EA31E36275CBBB900 /* Pods-AzmoonTests.release.xcconfig */ = {isa = PBXFileReference; includeInIndex = 1; lastKnownFileType = text.xcconfig; name = "Pods-AzmoonTests.release.xcconfig"; path = "Pods/Target Support Files/Pods-AzmoonTests/Pods-AzmoonTests.release.xcconfig"; sourceTree = "<group>"; };
		A8B0DACCA332191293DCCF0A /* Pods-AzmoonTests.debug.xcconfig */ = {isa = PBXFileReference; includeInIndex = 1; lastKnownFileType = text.xcconfig; name = "Pods-AzmoonTests.debug.xcconfig"; path = "Pods/Target Support Files/Pods-AzmoonTests/Pods-AzmoonTests.debug.xcconfig"; sourceTree = "<group>"; };
		BF224EB6FF7B9BE78160BEB3 /* Pods_AzmoonUITests.framework */ = {isa = PBXFileReference; explicitFileType = wrapper.framework; includeInIndex = 0; path = Pods_AzmoonUITests.framework; sourceTree = BUILT_PRODUCTS_DIR; };
		D308026B21E89B7F00E8BF83 /* ReportViewController.swift */ = {isa = PBXFileReference; lastKnownFileType = sourcecode.swift; path = ReportViewController.swift; sourceTree = "<group>"; };
		D308026D21E89C0800E8BF83 /* ReportTableViewCell.swift */ = {isa = PBXFileReference; lastKnownFileType = sourcecode.swift; path = ReportTableViewCell.swift; sourceTree = "<group>"; };
		D308026F21E8A0C400E8BF83 /* AnsQuestionsViewController.swift */ = {isa = PBXFileReference; lastKnownFileType = sourcecode.swift; path = AnsQuestionsViewController.swift; sourceTree = "<group>"; };
		D308027121E8A0FA00E8BF83 /* AnsQuestionsTableViewCell.swift */ = {isa = PBXFileReference; lastKnownFileType = sourcecode.swift; path = AnsQuestionsTableViewCell.swift; sourceTree = "<group>"; };
		D308027521E8DD5C00E8BF83 /* Azmoon.xcdatamodel */ = {isa = PBXFileReference; lastKnownFileType = wrapper.xcdatamodel; path = Azmoon.xcdatamodel; sourceTree = "<group>"; };
		D308027821E8DFD200E8BF83 /* QuestionDb.swift */ = {isa = PBXFileReference; lastKnownFileType = sourcecode.swift; path = QuestionDb.swift; sourceTree = "<group>"; };
		D308027A21EBA5BB00E8BF83 /* UserDb.swift */ = {isa = PBXFileReference; lastKnownFileType = sourcecode.swift; path = UserDb.swift; sourceTree = "<group>"; };
		D309CD2A21D76DCB002542AC /* List.storyboard */ = {isa = PBXFileReference; lastKnownFileType = file.storyboard; path = List.storyboard; sourceTree = "<group>"; };
		D309CD2C21D76DED002542AC /* ListViewController.swift */ = {isa = PBXFileReference; lastKnownFileType = sourcecode.swift; path = ListViewController.swift; sourceTree = "<group>"; };
		D309CD2F21DE3BE7002542AC /* ListTableViewCell.swift */ = {isa = PBXFileReference; lastKnownFileType = sourcecode.swift; path = ListTableViewCell.swift; sourceTree = "<group>"; };
		D315B0E221FCB6F900F55A19 /* AddModel.swift */ = {isa = PBXFileReference; lastKnownFileType = sourcecode.swift; path = AddModel.swift; sourceTree = "<group>"; };
		D329EF0F21F2099900B389A3 /* LoginModel.swift */ = {isa = PBXFileReference; lastKnownFileType = sourcecode.swift; path = LoginModel.swift; sourceTree = "<group>"; };
		D3851D552200D25E00355DEB /* ListTableViewCell.xib */ = {isa = PBXFileReference; lastKnownFileType = file.xib; path = ListTableViewCell.xib; sourceTree = "<group>"; };
		D3851D582200EE2B00355DEB /* Extentions.swift */ = {isa = PBXFileReference; lastKnownFileType = sourcecode.swift; path = Extentions.swift; sourceTree = "<group>"; };
		D3851D5A220347FA00355DEB /* ListModel.swift */ = {isa = PBXFileReference; lastKnownFileType = sourcecode.swift; path = ListModel.swift; sourceTree = "<group>"; };
		D388A0DB21F38953001219B0 /* RegisterModel.swift */ = {isa = PBXFileReference; lastKnownFileType = sourcecode.swift; path = RegisterModel.swift; sourceTree = "<group>"; };
		D388A0E621F4E2F2001219B0 /* UserClass.swift */ = {isa = PBXFileReference; lastKnownFileType = sourcecode.swift; path = UserClass.swift; sourceTree = "<group>"; };
		D388A0EA21F86618001219B0 /* RememberModel.swift */ = {isa = PBXFileReference; lastKnownFileType = sourcecode.swift; path = RememberModel.swift; sourceTree = "<group>"; };
		D388A0EC21FB8B03001219B0 /* QuestionClass.swift */ = {isa = PBXFileReference; lastKnownFileType = sourcecode.swift; path = QuestionClass.swift; sourceTree = "<group>"; };
		D3F7A2DF21D50CD400987DBE /* Azmoon.app */ = {isa = PBXFileReference; explicitFileType = wrapper.application; includeInIndex = 0; path = Azmoon.app; sourceTree = BUILT_PRODUCTS_DIR; };
		D3F7A2E221D50CD400987DBE /* AppDelegate.swift */ = {isa = PBXFileReference; lastKnownFileType = sourcecode.swift; path = AppDelegate.swift; sourceTree = "<group>"; };
		D3F7A2E421D50CD400987DBE /* MainViewController.swift */ = {isa = PBXFileReference; lastKnownFileType = sourcecode.swift; path = MainViewController.swift; sourceTree = "<group>"; };
		D3F7A2E721D50CD400987DBE /* Base */ = {isa = PBXFileReference; lastKnownFileType = file.storyboard; name = Base; path = Base.lproj/Main.storyboard; sourceTree = "<group>"; };
		D3F7A2E921D50CD500987DBE /* Assets.xcassets */ = {isa = PBXFileReference; lastKnownFileType = folder.assetcatalog; path = Assets.xcassets; sourceTree = "<group>"; };
		D3F7A2EC21D50CD500987DBE /* Base */ = {isa = PBXFileReference; lastKnownFileType = file.storyboard; name = Base; path = Base.lproj/LaunchScreen.storyboard; sourceTree = "<group>"; };
		D3F7A2EE21D50CD500987DBE /* Info.plist */ = {isa = PBXFileReference; lastKnownFileType = text.plist.xml; path = Info.plist; sourceTree = "<group>"; };
		D3F7A2F321D50CD500987DBE /* AzmoonTests.xctest */ = {isa = PBXFileReference; explicitFileType = wrapper.cfbundle; includeInIndex = 0; path = AzmoonTests.xctest; sourceTree = BUILT_PRODUCTS_DIR; };
		D3F7A2F721D50CD500987DBE /* AzmoonTests.swift */ = {isa = PBXFileReference; lastKnownFileType = sourcecode.swift; path = AzmoonTests.swift; sourceTree = "<group>"; };
		D3F7A2F921D50CD500987DBE /* Info.plist */ = {isa = PBXFileReference; lastKnownFileType = text.plist.xml; path = Info.plist; sourceTree = "<group>"; };
		D3F7A2FE21D50CD500987DBE /* AzmoonUITests.xctest */ = {isa = PBXFileReference; explicitFileType = wrapper.cfbundle; includeInIndex = 0; path = AzmoonUITests.xctest; sourceTree = BUILT_PRODUCTS_DIR; };
		D3F7A30221D50CD500987DBE /* AzmoonUITests.swift */ = {isa = PBXFileReference; lastKnownFileType = sourcecode.swift; path = AzmoonUITests.swift; sourceTree = "<group>"; };
		D3F7A30421D50CD500987DBE /* Info.plist */ = {isa = PBXFileReference; lastKnownFileType = text.plist.xml; path = Info.plist; sourceTree = "<group>"; };
		D3F7A31021D511D100987DBE /* Add.storyboard */ = {isa = PBXFileReference; lastKnownFileType = file.storyboard; path = Add.storyboard; sourceTree = "<group>"; };
		D3F7A31221D5133900987DBE /* AddViewController.swift */ = {isa = PBXFileReference; lastKnownFileType = sourcecode.swift; path = AddViewController.swift; sourceTree = "<group>"; };
		D3F7A31421D51F7200987DBE /* RegisterViewController.swift */ = {isa = PBXFileReference; lastKnownFileType = sourcecode.swift; path = RegisterViewController.swift; sourceTree = "<group>"; };
		D3F7A31621D51FE800987DBE /* Register.storyboard */ = {isa = PBXFileReference; lastKnownFileType = file.storyboard; path = Register.storyboard; sourceTree = "<group>"; };
		D3FCE94921E0FBCA00751C49 /* LoginViewController.swift */ = {isa = PBXFileReference; lastKnownFileType = sourcecode.swift; path = LoginViewController.swift; sourceTree = "<group>"; };
		D3FCE94B21E0FBE100751C49 /* Login.storyboard */ = {isa = PBXFileReference; lastKnownFileType = file.storyboard; path = Login.storyboard; sourceTree = "<group>"; };
		D3FCE94D21E32DAE00751C49 /* RememberViewController.swift */ = {isa = PBXFileReference; lastKnownFileType = sourcecode.swift; path = RememberViewController.swift; sourceTree = "<group>"; };
		D3FCE94F21E32DC700751C49 /* Remember.storyboard */ = {isa = PBXFileReference; lastKnownFileType = file.storyboard; path = Remember.storyboard; sourceTree = "<group>"; };
		D3FCE95321E3446800751C49 /* AnsQuestions.storyboard */ = {isa = PBXFileReference; lastKnownFileType = file.storyboard; path = AnsQuestions.storyboard; sourceTree = "<group>"; };
		D3FCE95721E3454300751C49 /* Report.storyboard */ = {isa = PBXFileReference; lastKnownFileType = file.storyboard; path = Report.storyboard; sourceTree = "<group>"; };
/* End PBXFileReference section */

/* Begin PBXFrameworksBuildPhase section */
		D3F7A2DC21D50CD400987DBE /* Frameworks */ = {
			isa = PBXFrameworksBuildPhase;
			buildActionMask = 2147483647;
			files = (
				2A8DE15AABC704EAF26530E6 /* Pods_Azmoon.framework in Frameworks */,
			);
			runOnlyForDeploymentPostprocessing = 0;
		};
		D3F7A2F021D50CD500987DBE /* Frameworks */ = {
			isa = PBXFrameworksBuildPhase;
			buildActionMask = 2147483647;
			files = (
				5A7291BB2469B4128714D6F6 /* Pods_AzmoonTests.framework in Frameworks */,
			);
			runOnlyForDeploymentPostprocessing = 0;
		};
		D3F7A2FB21D50CD500987DBE /* Frameworks */ = {
			isa = PBXFrameworksBuildPhase;
			buildActionMask = 2147483647;
			files = (
				16C9AFB632AF73BF7F5C839C /* Pods_AzmoonUITests.framework in Frameworks */,
			);
			runOnlyForDeploymentPostprocessing = 0;
		};
/* End PBXFrameworksBuildPhase section */

/* Begin PBXGroup section */
		03E3F0F6A64132BACE335955 /* Frameworks */ = {
			isa = PBXGroup;
			children = (
				685F8F39995B9D11269014E6 /* Pods_Azmoon.framework */,
				9118F8485DD83803DDCD4D34 /* Pods_AzmoonTests.framework */,
				BF224EB6FF7B9BE78160BEB3 /* Pods_AzmoonUITests.framework */,
			);
			name = Frameworks;
			sourceTree = "<group>";
		};
		10598C37D8E4783780F21869 /* Pods */ = {
			isa = PBXGroup;
			children = (
				9F2CD6D6F0305E64755E7EAA /* Pods-Azmoon.debug.xcconfig */,
				184CA40229660FC70A36D278 /* Pods-Azmoon.release.xcconfig */,
				A8B0DACCA332191293DCCF0A /* Pods-AzmoonTests.debug.xcconfig */,
				9F34120EA31E36275CBBB900 /* Pods-AzmoonTests.release.xcconfig */,
				632AE71F90F26C699DA09DFA /* Pods-AzmoonUITests.debug.xcconfig */,
				3A80A443350B6A5DD07A4B43 /* Pods-AzmoonUITests.release.xcconfig */,
			);
			name = Pods;
			sourceTree = "<group>";
		};
		D308027721E8DF9300E8BF83 /* OperationsDB */ = {
			isa = PBXGroup;
			children = (
				D308027821E8DFD200E8BF83 /* QuestionDb.swift */,
				D308027A21EBA5BB00E8BF83 /* UserDb.swift */,
			);
			path = OperationsDB;
			sourceTree = "<group>";
		};
		D329EF0E21F2094000B389A3 /* Login */ = {
			isa = PBXGroup;
			children = (
				D3FCE94B21E0FBE100751C49 /* Login.storyboard */,
				D3FCE94921E0FBCA00751C49 /* LoginViewController.swift */,
				D329EF0F21F2099900B389A3 /* LoginModel.swift */,
			);
			path = Login;
			sourceTree = "<group>";
		};
		D329EF1121F20ED000B389A3 /* UILayer */ = {
			isa = PBXGroup;
			children = (
				D3851D572200EE0A00355DEB /* Extentions */,
				D388A0DF21F4C917001219B0 /* Add */,
				D388A0E221F4C9BE001219B0 /* AnsQuestions */,
				D388A0E021F4C95B001219B0 /* List */,
				D329EF0E21F2094000B389A3 /* Login */,
				D388A0E321F4CAE5001219B0 /* Main */,
				D388A0DD21F38989001219B0 /* Register */,
				D388A0DE21F4C8E9001219B0 /* Remember */,
				D388A0E121F4C98D001219B0 /* Report */,
			);
			path = UILayer;
			sourceTree = "<group>";
		};
		D329EF1221F20EDC00B389A3 /* DALayer */ = {
			isa = PBXGroup;
			children = (
				D308027721E8DF9300E8BF83 /* OperationsDB */,
			);
			path = DALayer;
			sourceTree = "<group>";
		};
		D3851D572200EE0A00355DEB /* Extentions */ = {
			isa = PBXGroup;
			children = (
				D3851D582200EE2B00355DEB /* Extentions.swift */,
			);
			path = Extentions;
			sourceTree = "<group>";
		};
		D388A0DD21F38989001219B0 /* Register */ = {
			isa = PBXGroup;
			children = (
				D3F7A31621D51FE800987DBE /* Register.storyboard */,
				D388A0DB21F38953001219B0 /* RegisterModel.swift */,
				D3F7A31421D51F7200987DBE /* RegisterViewController.swift */,
			);
			path = Register;
			sourceTree = "<group>";
		};
		D388A0DE21F4C8E9001219B0 /* Remember */ = {
			isa = PBXGroup;
			children = (
				D3FCE94F21E32DC700751C49 /* Remember.storyboard */,
				D388A0EA21F86618001219B0 /* RememberModel.swift */,
				D3FCE94D21E32DAE00751C49 /* RememberViewController.swift */,
			);
			path = Remember;
			sourceTree = "<group>";
		};
		D388A0DF21F4C917001219B0 /* Add */ = {
			isa = PBXGroup;
			children = (
				D3F7A31021D511D100987DBE /* Add.storyboard */,
				D3F7A31221D5133900987DBE /* AddViewController.swift */,
				D315B0E221FCB6F900F55A19 /* AddModel.swift */,
			);
			path = Add;
			sourceTree = "<group>";
		};
		D388A0E021F4C95B001219B0 /* List */ = {
			isa = PBXGroup;
			children = (
				D309CD2A21D76DCB002542AC /* List.storyboard */,
				D3851D5A220347FA00355DEB /* ListModel.swift */,
				D309CD2F21DE3BE7002542AC /* ListTableViewCell.swift */,
				D3851D552200D25E00355DEB /* ListTableViewCell.xib */,
				D309CD2C21D76DED002542AC /* ListViewController.swift */,
			);
			path = List;
			sourceTree = "<group>";
		};
		D388A0E121F4C98D001219B0 /* Report */ = {
			isa = PBXGroup;
			children = (
				D3FCE95721E3454300751C49 /* Report.storyboard */,
				D308026D21E89C0800E8BF83 /* ReportTableViewCell.swift */,
				D308026B21E89B7F00E8BF83 /* ReportViewController.swift */,
			);
			path = Report;
			sourceTree = "<group>";
		};
		D388A0E221F4C9BE001219B0 /* AnsQuestions */ = {
			isa = PBXGroup;
			children = (
				D3FCE95321E3446800751C49 /* AnsQuestions.storyboard */,
				D308027121E8A0FA00E8BF83 /* AnsQuestionsTableViewCell.swift */,
				D308026F21E8A0C400E8BF83 /* AnsQuestionsViewController.swift */,
			);
			path = AnsQuestions;
			sourceTree = "<group>";
		};
		D388A0E321F4CAE5001219B0 /* Main */ = {
			isa = PBXGroup;
			children = (
				D3F7A2E621D50CD400987DBE /* Main.storyboard */,
				D3F7A2E421D50CD400987DBE /* MainViewController.swift */,
			);
			path = Main;
			sourceTree = "<group>";
		};
		D388A0E421F4E293001219B0 /* UtilityLayer */ = {
			isa = PBXGroup;
			children = (
				D388A0E521F4E2BE001219B0 /* ShareClasses */,
			);
			path = UtilityLayer;
			sourceTree = "<group>";
		};
		D388A0E521F4E2BE001219B0 /* ShareClasses */ = {
			isa = PBXGroup;
			children = (
				D388A0E621F4E2F2001219B0 /* UserClass.swift */,
				D388A0EC21FB8B03001219B0 /* QuestionClass.swift */,
			);
			path = ShareClasses;
			sourceTree = "<group>";
		};
		D3F7A2D621D50CD400987DBE = {
			isa = PBXGroup;
			children = (
				D3F7A2E121D50CD400987DBE /* Azmoon */,
				D3F7A2F621D50CD500987DBE /* AzmoonTests */,
				D3F7A30121D50CD500987DBE /* AzmoonUITests */,
				D3F7A2E021D50CD400987DBE /* Products */,
				10598C37D8E4783780F21869 /* Pods */,
				03E3F0F6A64132BACE335955 /* Frameworks */,
			);
			sourceTree = "<group>";
		};
		D3F7A2E021D50CD400987DBE /* Products */ = {
			isa = PBXGroup;
			children = (
				D3F7A2DF21D50CD400987DBE /* Azmoon.app */,
				D3F7A2F321D50CD500987DBE /* AzmoonTests.xctest */,
				D3F7A2FE21D50CD500987DBE /* AzmoonUITests.xctest */,
			);
			name = Products;
			sourceTree = "<group>";
		};
		D3F7A2E121D50CD400987DBE /* Azmoon */ = {
			isa = PBXGroup;
			children = (
				D3F7A2E221D50CD400987DBE /* AppDelegate.swift */,
				D3F7A2E921D50CD500987DBE /* Assets.xcassets */,
				D308027421E8DD5C00E8BF83 /* Azmoon.xcdatamodeld */,
				D329EF1221F20EDC00B389A3 /* DALayer */,
				D3F7A2EE21D50CD500987DBE /* Info.plist */,
				D3F7A2EB21D50CD500987DBE /* LaunchScreen.storyboard */,
				D329EF1121F20ED000B389A3 /* UILayer */,
				D388A0E421F4E293001219B0 /* UtilityLayer */,
			);
			path = Azmoon;
			sourceTree = "<group>";
		};
		D3F7A2F621D50CD500987DBE /* AzmoonTests */ = {
			isa = PBXGroup;
			children = (
				D3F7A2F721D50CD500987DBE /* AzmoonTests.swift */,
				D3F7A2F921D50CD500987DBE /* Info.plist */,
			);
			path = AzmoonTests;
			sourceTree = "<group>";
		};
		D3F7A30121D50CD500987DBE /* AzmoonUITests */ = {
			isa = PBXGroup;
			children = (
				D3F7A30221D50CD500987DBE /* AzmoonUITests.swift */,
				D3F7A30421D50CD500987DBE /* Info.plist */,
			);
			path = AzmoonUITests;
			sourceTree = "<group>";
		};
/* End PBXGroup section */

/* Begin PBXNativeTarget section */
		D3F7A2DE21D50CD400987DBE /* Azmoon */ = {
			isa = PBXNativeTarget;
			buildConfigurationList = D3F7A30721D50CD500987DBE /* Build configuration list for PBXNativeTarget "Azmoon" */;
			buildPhases = (
				8D3BE8AC12AEF670204C2892 /* [CP] Check Pods Manifest.lock */,
				D3F7A2DB21D50CD400987DBE /* Sources */,
				D3F7A2DC21D50CD400987DBE /* Frameworks */,
				D3F7A2DD21D50CD400987DBE /* Resources */,
				84CCAE642FFD27A75101B673 /* [CP] Embed Pods Frameworks */,
			);
			buildRules = (
			);
			dependencies = (
			);
			name = Azmoon;
			productName = Azmoon;
			productReference = D3F7A2DF21D50CD400987DBE /* Azmoon.app */;
			productType = "com.apple.product-type.application";
		};
		D3F7A2F221D50CD500987DBE /* AzmoonTests */ = {
			isa = PBXNativeTarget;
			buildConfigurationList = D3F7A30A21D50CD500987DBE /* Build configuration list for PBXNativeTarget "AzmoonTests" */;
			buildPhases = (
				44BAAA4CB03896E2D2BDEE6D /* [CP] Check Pods Manifest.lock */,
				D3F7A2EF21D50CD500987DBE /* Sources */,
				D3F7A2F021D50CD500987DBE /* Frameworks */,
				D3F7A2F121D50CD500987DBE /* Resources */,
			);
			buildRules = (
			);
			dependencies = (
				D3F7A2F521D50CD500987DBE /* PBXTargetDependency */,
			);
			name = AzmoonTests;
			productName = AzmoonTests;
			productReference = D3F7A2F321D50CD500987DBE /* AzmoonTests.xctest */;
			productType = "com.apple.product-type.bundle.unit-test";
		};
		D3F7A2FD21D50CD500987DBE /* AzmoonUITests */ = {
			isa = PBXNativeTarget;
			buildConfigurationList = D3F7A30D21D50CD500987DBE /* Build configuration list for PBXNativeTarget "AzmoonUITests" */;
			buildPhases = (
				90179CB3C5171AD4132CB3D4 /* [CP] Check Pods Manifest.lock */,
				D3F7A2FA21D50CD500987DBE /* Sources */,
				D3F7A2FB21D50CD500987DBE /* Frameworks */,
				D3F7A2FC21D50CD500987DBE /* Resources */,
			);
			buildRules = (
			);
			dependencies = (
				D3F7A30021D50CD500987DBE /* PBXTargetDependency */,
			);
			name = AzmoonUITests;
			productName = AzmoonUITests;
			productReference = D3F7A2FE21D50CD500987DBE /* AzmoonUITests.xctest */;
			productType = "com.apple.product-type.bundle.ui-testing";
		};
/* End PBXNativeTarget section */

/* Begin PBXProject section */
		D3F7A2D721D50CD400987DBE /* Project object */ = {
			isa = PBXProject;
			attributes = {
				LastSwiftUpdateCheck = 1010;
				LastUpgradeCheck = 1010;
				ORGANIZATIONNAME = maedeh;
				TargetAttributes = {
					D3F7A2DE21D50CD400987DBE = {
						CreatedOnToolsVersion = 10.1;
					};
					D3F7A2F221D50CD500987DBE = {
						CreatedOnToolsVersion = 10.1;
						TestTargetID = D3F7A2DE21D50CD400987DBE;
					};
					D3F7A2FD21D50CD500987DBE = {
						CreatedOnToolsVersion = 10.1;
						TestTargetID = D3F7A2DE21D50CD400987DBE;
					};
				};
			};
			buildConfigurationList = D3F7A2DA21D50CD400987DBE /* Build configuration list for PBXProject "Azmoon" */;
			compatibilityVersion = "Xcode 9.3";
			developmentRegion = en;
			hasScannedForEncodings = 0;
			knownRegions = (
				en,
				Base,
			);
			mainGroup = D3F7A2D621D50CD400987DBE;
			productRefGroup = D3F7A2E021D50CD400987DBE /* Products */;
			projectDirPath = "";
			projectRoot = "";
			targets = (
				D3F7A2DE21D50CD400987DBE /* Azmoon */,
				D3F7A2F221D50CD500987DBE /* AzmoonTests */,
				D3F7A2FD21D50CD500987DBE /* AzmoonUITests */,
			);
		};
/* End PBXProject section */

/* Begin PBXResourcesBuildPhase section */
		D3F7A2DD21D50CD400987DBE /* Resources */ = {
			isa = PBXResourcesBuildPhase;
			buildActionMask = 2147483647;
			files = (
				D3F7A2ED21D50CD500987DBE /* LaunchScreen.storyboard in Resources */,
				D3FCE95821E3454300751C49 /* Report.storyboard in Resources */,
				D3FCE95021E32DC700751C49 /* Remember.storyboard in Resources */,
				D3F7A2EA21D50CD500987DBE /* Assets.xcassets in Resources */,
				D3FCE94C21E0FBE100751C49 /* Login.storyboard in Resources */,
				D3F7A31121D511D100987DBE /* Add.storyboard in Resources */,
				D3F7A2E821D50CD400987DBE /* Main.storyboard in Resources */,
				D309CD2B21D76DCB002542AC /* List.storyboard in Resources */,
				D3851D562200D25E00355DEB /* ListTableViewCell.xib in Resources */,
				D3FCE95421E3446800751C49 /* AnsQuestions.storyboard in Resources */,
				D3F7A31721D51FE800987DBE /* Register.storyboard in Resources */,
			);
			runOnlyForDeploymentPostprocessing = 0;
		};
		D3F7A2F121D50CD500987DBE /* Resources */ = {
			isa = PBXResourcesBuildPhase;
			buildActionMask = 2147483647;
			files = (
			);
			runOnlyForDeploymentPostprocessing = 0;
		};
		D3F7A2FC21D50CD500987DBE /* Resources */ = {
			isa = PBXResourcesBuildPhase;
			buildActionMask = 2147483647;
			files = (
			);
			runOnlyForDeploymentPostprocessing = 0;
		};
/* End PBXResourcesBuildPhase section */

/* Begin PBXShellScriptBuildPhase section */
		44BAAA4CB03896E2D2BDEE6D /* [CP] Check Pods Manifest.lock */ = {
			isa = PBXShellScriptBuildPhase;
			buildActionMask = 2147483647;
			files = (
			);
			inputFileListPaths = (
			);
			inputPaths = (
				"${PODS_PODFILE_DIR_PATH}/Podfile.lock",
				"${PODS_ROOT}/Manifest.lock",
			);
			name = "[CP] Check Pods Manifest.lock";
			outputFileListPaths = (
			);
			outputPaths = (
				"$(DERIVED_FILE_DIR)/Pods-AzmoonTests-checkManifestLockResult.txt",
			);
			runOnlyForDeploymentPostprocessing = 0;
			shellPath = /bin/sh;
			shellScript = "diff \"${PODS_PODFILE_DIR_PATH}/Podfile.lock\" \"${PODS_ROOT}/Manifest.lock\" > /dev/null\nif [ $? != 0 ] ; then\n    # print error to STDERR\n    echo \"error: The sandbox is not in sync with the Podfile.lock. Run 'pod install' or update your CocoaPods installation.\" >&2\n    exit 1\nfi\n# This output is used by Xcode 'outputs' to avoid re-running this script phase.\necho \"SUCCESS\" > \"${SCRIPT_OUTPUT_FILE_0}\"\n";
			showEnvVarsInLog = 0;
		};
		84CCAE642FFD27A75101B673 /* [CP] Embed Pods Frameworks */ = {
			isa = PBXShellScriptBuildPhase;
			buildActionMask = 2147483647;
			files = (
			);
			inputFileListPaths = (
			);
			inputPaths = (
				"${SRCROOT}/Pods/Target Support Files/Pods-Azmoon/Pods-Azmoon-frameworks.sh",
				"${BUILT_PRODUCTS_DIR}/Alamofire/Alamofire.framework",
				"${BUILT_PRODUCTS_DIR}/BEMCheckBox/BEMCheckBox.framework",
				"${BUILT_PRODUCTS_DIR}/SwiftIcons/SwiftIcons.framework",
				"${BUILT_PRODUCTS_DIR}/Toast-Swift/Toast_Swift.framework",
				"${BUILT_PRODUCTS_DIR}/iOSDropDown/iOSDropDown.framework",
			);
			name = "[CP] Embed Pods Frameworks";
			outputFileListPaths = (
			);
			outputPaths = (
				"${TARGET_BUILD_DIR}/${FRAMEWORKS_FOLDER_PATH}/Alamofire.framework",
				"${TARGET_BUILD_DIR}/${FRAMEWORKS_FOLDER_PATH}/BEMCheckBox.framework",
				"${TARGET_BUILD_DIR}/${FRAMEWORKS_FOLDER_PATH}/SwiftIcons.framework",
				"${TARGET_BUILD_DIR}/${FRAMEWORKS_FOLDER_PATH}/Toast_Swift.framework",
				"${TARGET_BUILD_DIR}/${FRAMEWORKS_FOLDER_PATH}/iOSDropDown.framework",
			);
			runOnlyForDeploymentPostprocessing = 0;
			shellPath = /bin/sh;
			shellScript = "\"${SRCROOT}/Pods/Target Support Files/Pods-Azmoon/Pods-Azmoon-frameworks.sh\"\n";
			showEnvVarsInLog = 0;
		};
		8D3BE8AC12AEF670204C2892 /* [CP] Check Pods Manifest.lock */ = {
			isa = PBXShellScriptBuildPhase;
			buildActionMask = 2147483647;
			files = (
			);
			inputFileListPaths = (
			);
			inputPaths = (
				"${PODS_PODFILE_DIR_PATH}/Podfile.lock",
				"${PODS_ROOT}/Manifest.lock",
			);
			name = "[CP] Check Pods Manifest.lock";
			outputFileListPaths = (
			);
			outputPaths = (
				"$(DERIVED_FILE_DIR)/Pods-Azmoon-checkManifestLockResult.txt",
			);
			runOnlyForDeploymentPostprocessing = 0;
			shellPath = /bin/sh;
			shellScript = "diff \"${PODS_PODFILE_DIR_PATH}/Podfile.lock\" \"${PODS_ROOT}/Manifest.lock\" > /dev/null\nif [ $? != 0 ] ; then\n    # print error to STDERR\n    echo \"error: The sandbox is not in sync with the Podfile.lock. Run 'pod install' or update your CocoaPods installation.\" >&2\n    exit 1\nfi\n# This output is used by Xcode 'outputs' to avoid re-running this script phase.\necho \"SUCCESS\" > \"${SCRIPT_OUTPUT_FILE_0}\"\n";
			showEnvVarsInLog = 0;
		};
		90179CB3C5171AD4132CB3D4 /* [CP] Check Pods Manifest.lock */ = {
			isa = PBXShellScriptBuildPhase;
			buildActionMask = 2147483647;
			files = (
			);
			inputFileListPaths = (
			);
			inputPaths = (
				"${PODS_PODFILE_DIR_PATH}/Podfile.lock",
				"${PODS_ROOT}/Manifest.lock",
			);
			name = "[CP] Check Pods Manifest.lock";
			outputFileListPaths = (
			);
			outputPaths = (
				"$(DERIVED_FILE_DIR)/Pods-AzmoonUITests-checkManifestLockResult.txt",
			);
			runOnlyForDeploymentPostprocessing = 0;
			shellPath = /bin/sh;
			shellScript = "diff \"${PODS_PODFILE_DIR_PATH}/Podfile.lock\" \"${PODS_ROOT}/Manifest.lock\" > /dev/null\nif [ $? != 0 ] ; then\n    # print error to STDERR\n    echo \"error: The sandbox is not in sync with the Podfile.lock. Run 'pod install' or update your CocoaPods installation.\" >&2\n    exit 1\nfi\n# This output is used by Xcode 'outputs' to avoid re-running this script phase.\necho \"SUCCESS\" > \"${SCRIPT_OUTPUT_FILE_0}\"\n";
			showEnvVarsInLog = 0;
		};
/* End PBXShellScriptBuildPhase section */

/* Begin PBXSourcesBuildPhase section */
		D3F7A2DB21D50CD400987DBE /* Sources */ = {
			isa = PBXSourcesBuildPhase;
			buildActionMask = 2147483647;
			files = (
				D308027021E8A0C400E8BF83 /* AnsQuestionsViewController.swift in Sources */,
				D308027921E8DFD200E8BF83 /* QuestionDb.swift in Sources */,
				D3FCE94A21E0FBCA00751C49 /* LoginViewController.swift in Sources */,
				D308027221E8A0FA00E8BF83 /* AnsQuestionsTableViewCell.swift in Sources */,
				D3F7A2E521D50CD400987DBE /* MainViewController.swift in Sources */,
				D329EF1021F2099900B389A3 /* LoginModel.swift in Sources */,
				D3F7A2E321D50CD400987DBE /* AppDelegate.swift in Sources */,
				D308027B21EBA5BB00E8BF83 /* UserDb.swift in Sources */,
				D388A0EB21F86618001219B0 /* RememberModel.swift in Sources */,
				D3F7A31321D5133900987DBE /* AddViewController.swift in Sources */,
				D309CD3021DE3BE7002542AC /* ListTableViewCell.swift in Sources */,
				D3FCE94E21E32DAE00751C49 /* RememberViewController.swift in Sources */,
				D315B0E321FCB6F900F55A19 /* AddModel.swift in Sources */,
				D3851D5B220347FA00355DEB /* ListModel.swift in Sources */,
				D309CD2D21D76DED002542AC /* ListViewController.swift in Sources */,
				D3851D592200EE2B00355DEB /* Extentions.swift in Sources */,
				D308026C21E89B7F00E8BF83 /* ReportViewController.swift in Sources */,
				D388A0DC21F38953001219B0 /* RegisterModel.swift in Sources */,
				D308026E21E89C0800E8BF83 /* ReportTableViewCell.swift in Sources */,
				D3F7A31521D51F7200987DBE /* RegisterViewController.swift in Sources */,
				D388A0E721F4E2F2001219B0 /* UserClass.swift in Sources */,
				D308027621E8DD5C00E8BF83 /* Azmoon.xcdatamodeld in Sources */,
				D388A0ED21FB8B03001219B0 /* QuestionClass.swift in Sources */,
			);
			runOnlyForDeploymentPostprocessing = 0;
		};
		D3F7A2EF21D50CD500987DBE /* Sources */ = {
			isa = PBXSourcesBuildPhase;
			buildActionMask = 2147483647;
			files = (
				D3F7A2F821D50CD500987DBE /* AzmoonTests.swift in Sources */,
			);
			runOnlyForDeploymentPostprocessing = 0;
		};
		D3F7A2FA21D50CD500987DBE /* Sources */ = {
			isa = PBXSourcesBuildPhase;
			buildActionMask = 2147483647;
			files = (
				D3F7A30321D50CD500987DBE /* AzmoonUITests.swift in Sources */,
			);
			runOnlyForDeploymentPostprocessing = 0;
		};
/* End PBXSourcesBuildPhase section */

/* Begin PBXTargetDependency section */
		D3F7A2F521D50CD500987DBE /* PBXTargetDependency */ = {
			isa = PBXTargetDependency;
			target = D3F7A2DE21D50CD400987DBE /* Azmoon */;
			targetProxy = D3F7A2F421D50CD500987DBE /* PBXContainerItemProxy */;
		};
		D3F7A30021D50CD500987DBE /* PBXTargetDependency */ = {
			isa = PBXTargetDependency;
			target = D3F7A2DE21D50CD400987DBE /* Azmoon */;
			targetProxy = D3F7A2FF21D50CD500987DBE /* PBXContainerItemProxy */;
		};
/* End PBXTargetDependency section */

/* Begin PBXVariantGroup section */
		D3F7A2E621D50CD400987DBE /* Main.storyboard */ = {
			isa = PBXVariantGroup;
			children = (
				D3F7A2E721D50CD400987DBE /* Base */,
			);
			name = Main.storyboard;
			sourceTree = "<group>";
		};
		D3F7A2EB21D50CD500987DBE /* LaunchScreen.storyboard */ = {
			isa = PBXVariantGroup;
			children = (
				D3F7A2EC21D50CD500987DBE /* Base */,
			);
			name = LaunchScreen.storyboard;
			sourceTree = "<group>";
		};
/* End PBXVariantGroup section */

/* Begin XCBuildConfiguration section */
		D3F7A30521D50CD500987DBE /* Debug */ = {
			isa = XCBuildConfiguration;
			buildSettings = {
				ALWAYS_SEARCH_USER_PATHS = NO;
				CLANG_ANALYZER_NONNULL = YES;
				CLANG_ANALYZER_NUMBER_OBJECT_CONVERSION = YES_AGGRESSIVE;
				CLANG_CXX_LANGUAGE_STANDARD = "gnu++14";
				CLANG_CXX_LIBRARY = "libc++";
				CLANG_ENABLE_MODULES = YES;
				CLANG_ENABLE_OBJC_ARC = YES;
				CLANG_ENABLE_OBJC_WEAK = YES;
				CLANG_WARN_BLOCK_CAPTURE_AUTORELEASING = YES;
				CLANG_WARN_BOOL_CONVERSION = YES;
				CLANG_WARN_COMMA = YES;
				CLANG_WARN_CONSTANT_CONVERSION = YES;
				CLANG_WARN_DEPRECATED_OBJC_IMPLEMENTATIONS = YES;
				CLANG_WARN_DIRECT_OBJC_ISA_USAGE = YES_ERROR;
				CLANG_WARN_DOCUMENTATION_COMMENTS = YES;
				CLANG_WARN_EMPTY_BODY = YES;
				CLANG_WARN_ENUM_CONVERSION = YES;
				CLANG_WARN_INFINITE_RECURSION = YES;
				CLANG_WARN_INT_CONVERSION = YES;
				CLANG_WARN_NON_LITERAL_NULL_CONVERSION = YES;
				CLANG_WARN_OBJC_IMPLICIT_RETAIN_SELF = YES;
				CLANG_WARN_OBJC_LITERAL_CONVERSION = YES;
				CLANG_WARN_OBJC_ROOT_CLASS = YES_ERROR;
				CLANG_WARN_RANGE_LOOP_ANALYSIS = YES;
				CLANG_WARN_STRICT_PROTOTYPES = YES;
				CLANG_WARN_SUSPICIOUS_MOVE = YES;
				CLANG_WARN_UNGUARDED_AVAILABILITY = YES_AGGRESSIVE;
				CLANG_WARN_UNREACHABLE_CODE = YES;
				CLANG_WARN__DUPLICATE_METHOD_MATCH = YES;
				CODE_SIGN_IDENTITY = "iPhone Developer";
				COPY_PHASE_STRIP = NO;
				DEBUG_INFORMATION_FORMAT = dwarf;
				ENABLE_STRICT_OBJC_MSGSEND = YES;
				ENABLE_TESTABILITY = YES;
				GCC_C_LANGUAGE_STANDARD = gnu11;
				GCC_DYNAMIC_NO_PIC = NO;
				GCC_NO_COMMON_BLOCKS = YES;
				GCC_OPTIMIZATION_LEVEL = 0;
				GCC_PREPROCESSOR_DEFINITIONS = (
					"DEBUG=1",
					"$(inherited)",
				);
				GCC_WARN_64_TO_32_BIT_CONVERSION = YES;
				GCC_WARN_ABOUT_RETURN_TYPE = YES_ERROR;
				GCC_WARN_UNDECLARED_SELECTOR = YES;
				GCC_WARN_UNINITIALIZED_AUTOS = YES_AGGRESSIVE;
				GCC_WARN_UNUSED_FUNCTION = YES;
				GCC_WARN_UNUSED_VARIABLE = YES;
				IPHONEOS_DEPLOYMENT_TARGET = 12.1;
				MTL_ENABLE_DEBUG_INFO = INCLUDE_SOURCE;
				MTL_FAST_MATH = YES;
				ONLY_ACTIVE_ARCH = YES;
				SDKROOT = iphoneos;
				SWIFT_ACTIVE_COMPILATION_CONDITIONS = DEBUG;
				SWIFT_OPTIMIZATION_LEVEL = "-Onone";
			};
			name = Debug;
		};
		D3F7A30621D50CD500987DBE /* Release */ = {
			isa = XCBuildConfiguration;
			buildSettings = {
				ALWAYS_SEARCH_USER_PATHS = NO;
				CLANG_ANALYZER_NONNULL = YES;
				CLANG_ANALYZER_NUMBER_OBJECT_CONVERSION = YES_AGGRESSIVE;
				CLANG_CXX_LANGUAGE_STANDARD = "gnu++14";
				CLANG_CXX_LIBRARY = "libc++";
				CLANG_ENABLE_MODULES = YES;
				CLANG_ENABLE_OBJC_ARC = YES;
				CLANG_ENABLE_OBJC_WEAK = YES;
				CLANG_WARN_BLOCK_CAPTURE_AUTORELEASING = YES;
				CLANG_WARN_BOOL_CONVERSION = YES;
				CLANG_WARN_COMMA = YES;
				CLANG_WARN_CONSTANT_CONVERSION = YES;
				CLANG_WARN_DEPRECATED_OBJC_IMPLEMENTATIONS = YES;
				CLANG_WARN_DIRECT_OBJC_ISA_USAGE = YES_ERROR;
				CLANG_WARN_DOCUMENTATION_COMMENTS = YES;
				CLANG_WARN_EMPTY_BODY = YES;
				CLANG_WARN_ENUM_CONVERSION = YES;
				CLANG_WARN_INFINITE_RECURSION = YES;
				CLANG_WARN_INT_CONVERSION = YES;
				CLANG_WARN_NON_LITERAL_NULL_CONVERSION = YES;
				CLANG_WARN_OBJC_IMPLICIT_RETAIN_SELF = YES;
				CLANG_WARN_OBJC_LITERAL_CONVERSION = YES;
				CLANG_WARN_OBJC_ROOT_CLASS = YES_ERROR;
				CLANG_WARN_RANGE_LOOP_ANALYSIS = YES;
				CLANG_WARN_STRICT_PROTOTYPES = YES;
				CLANG_WARN_SUSPICIOUS_MOVE = YES;
				CLANG_WARN_UNGUARDED_AVAILABILITY = YES_AGGRESSIVE;
				CLANG_WARN_UNREACHABLE_CODE = YES;
				CLANG_WARN__DUPLICATE_METHOD_MATCH = YES;
				CODE_SIGN_IDENTITY = "iPhone Developer";
				COPY_PHASE_STRIP = NO;
				DEBUG_INFORMATION_FORMAT = "dwarf-with-dsym";
				ENABLE_NS_ASSERTIONS = NO;
				ENABLE_STRICT_OBJC_MSGSEND = YES;
				GCC_C_LANGUAGE_STANDARD = gnu11;
				GCC_NO_COMMON_BLOCKS = YES;
				GCC_WARN_64_TO_32_BIT_CONVERSION = YES;
				GCC_WARN_ABOUT_RETURN_TYPE = YES_ERROR;
				GCC_WARN_UNDECLARED_SELECTOR = YES;
				GCC_WARN_UNINITIALIZED_AUTOS = YES_AGGRESSIVE;
				GCC_WARN_UNUSED_FUNCTION = YES;
				GCC_WARN_UNUSED_VARIABLE = YES;
				IPHONEOS_DEPLOYMENT_TARGET = 12.1;
				MTL_ENABLE_DEBUG_INFO = NO;
				MTL_FAST_MATH = YES;
				SDKROOT = iphoneos;
				SWIFT_COMPILATION_MODE = wholemodule;
				SWIFT_OPTIMIZATION_LEVEL = "-O";
				VALIDATE_PRODUCT = YES;
			};
			name = Release;
		};
		D3F7A30821D50CD500987DBE /* Debug */ = {
			isa = XCBuildConfiguration;
			baseConfigurationReference = 9F2CD6D6F0305E64755E7EAA /* Pods-Azmoon.debug.xcconfig */;
			buildSettings = {
				ASSETCATALOG_COMPILER_APPICON_NAME = AppIcon;
				CODE_SIGN_STYLE = Automatic;
				DEVELOPMENT_TEAM = DQTUZ724BA;
				INFOPLIST_FILE = Azmoon/Info.plist;
				IPHONEOS_DEPLOYMENT_TARGET = 10.3;
				LD_RUNPATH_SEARCH_PATHS = (
					"$(inherited)",
					"@executable_path/Frameworks",
				);
				PRODUCT_BUNDLE_IDENTIFIER = com.samApp.Azmoon;
				PRODUCT_NAME = "$(TARGET_NAME)";
				SWIFT_VERSION = 4.2;
				TARGETED_DEVICE_FAMILY = "1,2";
			};
			name = Debug;
		};
		D3F7A30921D50CD500987DBE /* Release */ = {
			isa = XCBuildConfiguration;
			baseConfigurationReference = 184CA40229660FC70A36D278 /* Pods-Azmoon.release.xcconfig */;
			buildSettings = {
				ASSETCATALOG_COMPILER_APPICON_NAME = AppIcon;
				CODE_SIGN_STYLE = Automatic;
				DEVELOPMENT_TEAM = DQTUZ724BA;
				INFOPLIST_FILE = Azmoon/Info.plist;
				IPHONEOS_DEPLOYMENT_TARGET = 10.3;
				LD_RUNPATH_SEARCH_PATHS = (
					"$(inherited)",
					"@executable_path/Frameworks",
				);
				PRODUCT_BUNDLE_IDENTIFIER = com.samApp.Azmoon;
				PRODUCT_NAME = "$(TARGET_NAME)";
				SWIFT_VERSION = 4.2;
				TARGETED_DEVICE_FAMILY = "1,2";
			};
			name = Release;
		};
		D3F7A30B21D50CD500987DBE /* Debug */ = {
			isa = XCBuildConfiguration;
			baseConfigurationReference = A8B0DACCA332191293DCCF0A /* Pods-AzmoonTests.debug.xcconfig */;
			buildSettings = {
				ALWAYS_EMBED_SWIFT_STANDARD_LIBRARIES = YES;
				BUNDLE_LOADER = "$(TEST_HOST)";
				CODE_SIGN_STYLE = Automatic;
				DEVELOPMENT_TEAM = DQTUZ724BA;
				INFOPLIST_FILE = AzmoonTests/Info.plist;
				LD_RUNPATH_SEARCH_PATHS = (
					"$(inherited)",
					"@executable_path/Frameworks",
					"@loader_path/Frameworks",
				);
				PRODUCT_BUNDLE_IDENTIFIER = com.samApp.AzmoonTests;
				PRODUCT_NAME = "$(TARGET_NAME)";
				SWIFT_VERSION = 4.2;
				TARGETED_DEVICE_FAMILY = "1,2";
				TEST_HOST = "$(BUILT_PRODUCTS_DIR)/Azmoon.app/Azmoon";
			};
			name = Debug;
		};
		D3F7A30C21D50CD500987DBE /* Release */ = {
			isa = XCBuildConfiguration;
			baseConfigurationReference = 9F34120EA31E36275CBBB900 /* Pods-AzmoonTests.release.xcconfig */;
			buildSettings = {
				ALWAYS_EMBED_SWIFT_STANDARD_LIBRARIES = YES;
				BUNDLE_LOADER = "$(TEST_HOST)";
				CODE_SIGN_STYLE = Automatic;
				DEVELOPMENT_TEAM = DQTUZ724BA;
				INFOPLIST_FILE = AzmoonTests/Info.plist;
				LD_RUNPATH_SEARCH_PATHS = (
					"$(inherited)",
					"@executable_path/Frameworks",
					"@loader_path/Frameworks",
				);
				PRODUCT_BUNDLE_IDENTIFIER = com.samApp.AzmoonTests;
				PRODUCT_NAME = "$(TARGET_NAME)";
				SWIFT_VERSION = 4.2;
				TARGETED_DEVICE_FAMILY = "1,2";
				TEST_HOST = "$(BUILT_PRODUCTS_DIR)/Azmoon.app/Azmoon";
			};
			name = Release;
		};
		D3F7A30E21D50CD500987DBE /* Debug */ = {
			isa = XCBuildConfiguration;
			baseConfigurationReference = 632AE71F90F26C699DA09DFA /* Pods-AzmoonUITests.debug.xcconfig */;
			buildSettings = {
				ALWAYS_EMBED_SWIFT_STANDARD_LIBRARIES = YES;
				CODE_SIGN_STYLE = Automatic;
				DEVELOPMENT_TEAM = DQTUZ724BA;
				INFOPLIST_FILE = AzmoonUITests/Info.plist;
				LD_RUNPATH_SEARCH_PATHS = (
					"$(inherited)",
					"@executable_path/Frameworks",
					"@loader_path/Frameworks",
				);
				PRODUCT_BUNDLE_IDENTIFIER = com.samApp.AzmoonUITests;
				PRODUCT_NAME = "$(TARGET_NAME)";
				SWIFT_VERSION = 4.2;
				TARGETED_DEVICE_FAMILY = "1,2";
				TEST_TARGET_NAME = Azmoon;
			};
			name = Debug;
		};
		D3F7A30F21D50CD500987DBE /* Release */ = {
			isa = XCBuildConfiguration;
			baseConfigurationReference = 3A80A443350B6A5DD07A4B43 /* Pods-AzmoonUITests.release.xcconfig */;
			buildSettings = {
				ALWAYS_EMBED_SWIFT_STANDARD_LIBRARIES = YES;
				CODE_SIGN_STYLE = Automatic;
				DEVELOPMENT_TEAM = DQTUZ724BA;
				INFOPLIST_FILE = AzmoonUITests/Info.plist;
				LD_RUNPATH_SEARCH_PATHS = (
					"$(inherited)",
					"@executable_path/Frameworks",
					"@loader_path/Frameworks",
				);
				PRODUCT_BUNDLE_IDENTIFIER = com.samApp.AzmoonUITests;
				PRODUCT_NAME = "$(TARGET_NAME)";
				SWIFT_VERSION = 4.2;
				TARGETED_DEVICE_FAMILY = "1,2";
				TEST_TARGET_NAME = Azmoon;
			};
			name = Release;
		};
/* End XCBuildConfiguration section */

/* Begin XCConfigurationList section */
		D3F7A2DA21D50CD400987DBE /* Build configuration list for PBXProject "Azmoon" */ = {
			isa = XCConfigurationList;
			buildConfigurations = (
				D3F7A30521D50CD500987DBE /* Debug */,
				D3F7A30621D50CD500987DBE /* Release */,
			);
			defaultConfigurationIsVisible = 0;
			defaultConfigurationName = Release;
		};
		D3F7A30721D50CD500987DBE /* Build configuration list for PBXNativeTarget "Azmoon" */ = {
			isa = XCConfigurationList;
			buildConfigurations = (
				D3F7A30821D50CD500987DBE /* Debug */,
				D3F7A30921D50CD500987DBE /* Release */,
			);
			defaultConfigurationIsVisible = 0;
			defaultConfigurationName = Release;
		};
		D3F7A30A21D50CD500987DBE /* Build configuration list for PBXNativeTarget "AzmoonTests" */ = {
			isa = XCConfigurationList;
			buildConfigurations = (
				D3F7A30B21D50CD500987DBE /* Debug */,
				D3F7A30C21D50CD500987DBE /* Release */,
			);
			defaultConfigurationIsVisible = 0;
			defaultConfigurationName = Release;
		};
		D3F7A30D21D50CD500987DBE /* Build configuration list for PBXNativeTarget "AzmoonUITests" */ = {
			isa = XCConfigurationList;
			buildConfigurations = (
				D3F7A30E21D50CD500987DBE /* Debug */,
				D3F7A30F21D50CD500987DBE /* Release */,
			);
			defaultConfigurationIsVisible = 0;
			defaultConfigurationName = Release;
		};
/* End XCConfigurationList section */

/* Begin XCVersionGroup section */
		D308027421E8DD5C00E8BF83 /* Azmoon.xcdatamodeld */ = {
			isa = XCVersionGroup;
			children = (
				D308027521E8DD5C00E8BF83 /* Azmoon.xcdatamodel */,
			);
			currentVersion = D308027521E8DD5C00E8BF83 /* Azmoon.xcdatamodel */;
			path = Azmoon.xcdatamodeld;
			sourceTree = "<group>";
			versionGroupType = wrapper.xcdatamodel;
		};
/* End XCVersionGroup section */
	};
	rootObject = D3F7A2D721D50CD400987DBE /* Project object */;
}
